{
  "originHash" : "3620a02d2bd36990bb39c061edd6a99423f2c60e3a408671d260e161ab32ac36",
  "pins" : [
    {
      "identity" : "swift-argument-parser",
      "kind" : "remoteSourceControl",
      "location" : "https://github.com/apple/swift-argument-parser.git",
      "state" : {
        "revision" : "c5d11a805e765f52ba34ec7284bd4fcd6ba68615",
        "version" : "1.7.0"
      }
    },
    {
      "identity" : "swift-sentencepiece",
      "kind" : "remoteSourceControl",
      "location" : "https://github.com/jkrukowski/swift-sentencepiece.git",
      "state" : {
        "revision" : "36a8b2b45733f6adb3092100f16e4c7d38a10a7c",
        "version" : "0.0.6"
      }
    }
  ],
  "version" : 3
}
